
Microsoft Visual Studio Solution File, Format Version 12.00
# Visual Studio Version 17
VisualStudioVersion = 17.3.32825.248
MinimumVisualStudioVersion = 10.0.40219.1
Project("{8BC9CEB8-8B4A-11D0-8D11-00A0C91BC942}") = "Homework_3_8_1", "Homework_3_8_1.vcxproj", "{564FFCD9-7B69-4D9E-9500-6C410319D9F1}"
EndProject
Global
	GlobalSection(SolutionConfigurationPlatforms) = preSolution
		Debug|x64 = Debug|x64
		Debug|x86 = Debug|x86
		Release|x64 = Release|x64
		Release|x86 = Release|x86
	EndGlobalSection
	GlobalSection(ProjectConfigurationPlatforms) = postSolution
		{564FFCD9-7B69-4D9E-9500-6C410319D9F1}.Debug|x64.ActiveCfg = Debug|x64
		{564FFCD9-7B69-4D9E-9500-6C410319D9F1}.Debug|x64.Build.0 = Debug|x64
		{564FFCD9-7B69-4D9E-9500-6C410319D9F1}.Debug|x86.ActiveCfg = Debug|Win32
		{564FFCD9-7B69-4D9E-9500-6C410319D9F1}.Debug|x86.Build.0 = Debug|Win32
		{564FFCD9-7B69-4D9E-9500-6C410319D9F1}.Release|x64.ActiveCfg = Release|x64
		{564FFCD9-7B69-4D9E-9500-6C410319D9F1}.Release|x64.Build.0 = Release|x64
		{564FFCD9-7B69-4D9E-9500-6C410319D9F1}.Release|x86.ActiveCfg = Release|Win32
		{564FFCD9-7B69-4D9E-9500-6C410319D9F1}.Release|x86.Build.0 = Release|Win32
	EndGlobalSection
	GlobalSection(SolutionProperties) = preSolution
		HideSolutionNode = FALSE
	EndGlobalSection
	GlobalSection(ExtensibilityGlobals) = postSolution
		SolutionGuid = {7FC72E7A-95C1-4A16-8700-86880DE2A061}
	EndGlobalSection
EndGlobal
